github.com/asaskevich/govalidator v0.0.0-20230301143203-a9d515a09cc2 h1:DklsrG3dyBCFEj5IhUbnKptjxatkF07cF2ak3yi77so=
github.com/asaskevich/govalidator v0.0.0-20230301143203-a9d515a09cc2/go.mod h1:WaHUgvxTVq04UNunO+XhnAqY/wQc+bxr74GqbsZ/Jqw=
github.com/go-chi/chi/v5 v5.0.10 h1:rLz5avzKpjqxrYwXNfmjkrYYXOyLJd37pz53UFHC6vk=
github.com/go-chi/chi/v5 v5.0.10/go.mod h1:DslCQbL2OYiznFReuXYUmQ2hGd1aDpCnlMNITLSKoi8=
github.com/google/uuid v1.3.0 h1:t6JiXgmwXMjEs8VusXIJk2BXHsn+wx8BZdTaoZ5fu7I=
github.com/google/uuid v1.3.0/go.mod h1:TIyPZe4MgqvfeYDBFedMoGGpEw/LqOeaOT+nhxU+yHo=
github.com/kavu/go_reuseport v1.5.0 h1:UNuiY2OblcqAtVDE8Gsg1kZz8zbBWg907sP1ceBV+bk=
github.com/kavu/go_reuseport v1.5.0/go.mod h1:CG8Ee7ceMFSMnx/xr25Vm0qXaj2Z4i5PWoUx+JZ5/CU=
github.com/moonrhythm/parapet v0.13.0 h1:cfJ9t22OrFuuY5SQy1+ssMkoInXeff6ObDKRNiowstc=
github.com/moonrhythm/parapet v0.13.0/go.mod h1:V3taRKT4LIPjUkqScL6Z6osu9VqV01PR4hD+VpWArPs=
github.com/moonrhythm/validator v1.3.0 h1:OzZSW8Xtb66Gz7SA8qzY3ANupgdMojLFC1imDs1utOM=
github.com/moonrhythm/validator v1.3.0/go.mod h1:gbDyBOwWGzphP8K2Sdrd9+MveRVxzxm+ezecimvu9UU=
golang.org/x/exp v0.0.0-20230725093048-515e97ebf090 h1:Di6/M8l0O2lCLc6VVRWhgCiApHV8MnQurBnFSHsQtNY=
golang.org/x/exp v0.0.0-20230725093048-515e97ebf090/go.mod h1:FXUEEKJgO7OQYeo8N01OfiKP8RXMtf6e8aTskBGqWdc=
golang.org/x/net v0.12.0 h1:cfawfvKITfUsFCeJIHJrbSxpeu/E81khclypR0GVT50=
golang.org/x/net v0.12.0/go.mod h1:zEVYFnQC7m/vmpQFELhcD1EWkZlX69l4oqgmer6hfKA=
golang.org/x/text v0.11.0 h1:LAntKIrcmeSKERyiOh0XMV39LXS8IE9UL2yP7+f5ij4=
golang.org/x/text v0.11.0/go.mod h1:TvPlkZtksWOMsz7fbANvkp4WM8x/WCo/om8BMLbz+aE=
